// !$*UTF8*$!
{
	archiveVersion = 1;
	classes = {
	};
	objectVersion = 46;
	objects = {

/* Begin PBXBuildFile section */
		61B16DCD1998649D00350BC4 /* main.m in Sources */ = {isa = PBXBuildFile; fileRef = 61B16DCC1998649D00350BC4 /* main.m */; };
		61B16DD01998649D00350BC4 /* AppDelegate.m in Sources */ = {isa = PBXBuildFile; fileRef = 61B16DCF1998649D00350BC4 /* AppDelegate.m */; };
		61B16DD31998649D00350BC4 /* ViewController.m in Sources */ = {isa = PBXBuildFile; fileRef = 61B16DD21998649D00350BC4 /* ViewController.m */; };
		61B16DD61998649D00350BC4 /* Main.storyboard in Resources */ = {isa = PBXBuildFile; fileRef = 61B16DD41998649D00350BC4 /* Main.storyboard */; };
		61B16DD81998649D00350BC4 /* Images.xcassets in Resources */ = {isa = PBXBuildFile; fileRef = 61B16DD71998649D00350BC4 /* Images.xcassets */; };
		61B16DE41998649D00350BC4 /* SubsTests.m in Sources */ = {isa = PBXBuildFile; fileRef = 61B16DE31998649D00350BC4 /* SubsTests.m */; };
		61B16DEF1998653400350BC4 /* MySubViewController.m in Sources */ = {isa = PBXBuildFile; fileRef = 61B16DEE1998653400350BC4 /* MySubViewController.m */; };
/* End PBXBuildFile section */

/* Begin PBXContainerItemProxy section */
		61B16DDE1998649D00350BC4 /* PBXContainerItemProxy */ = {
			isa = PBXContainerItemProxy;
			containerPortal = 61B16DBF1998649D00350BC4 /* Project object */;
			proxyType = 1;
			remoteGlobalIDString = 61B16DC61998649D00350BC4;
			remoteInfo = Subs;
		};
/* End PBXContainerItemProxy section */

/* Begin PBXFileReference section */
		61B16DC71998649D00350BC4 /* Subs.app */ = {isa = PBXFileReference; explicitFileType = wrapper.application; includeInIndex = 0; path = Subs.app; sourceTree = BUILT_PRODUCTS_DIR; };
		61B16DCB1998649D00350BC4 /* Info.plist */ = {isa = PBXFileReference; lastKnownFileType = text.plist.xml; path = Info.plist; sourceTree = "<group>"; };
		61B16DCC1998649D00350BC4 /* main.m */ = {isa = PBXFileReference; lastKnownFileType = sourcecode.c.objc; path = main.m; sourceTree = "<group>"; };
		61B16DCE1998649D00350BC4 /* AppDelegate.h */ = {isa = PBXFileReference; lastKnownFileType = sourcecode.c.h; path = AppDelegate.h; sourceTree = "<group>"; };
		61B16DCF1998649D00350BC4 /* AppDelegate.m */ = {isa = PBXFileReference; lastKnownFileType = sourcecode.c.objc; path = AppDelegate.m; sourceTree = "<group>"; };
		61B16DD11998649D00350BC4 /* ViewController.h */ = {isa = PBXFileReference; lastKnownFileType = sourcecode.c.h; path = ViewController.h; sourceTree = "<group>"; };
		61B16DD21998649D00350BC4 /* ViewController.m */ = {isa = PBXFileReference; lastKnownFileType = sourcecode.c.objc; path = ViewController.m; sourceTree = "<group>"; };
		61B16DD51998649D00350BC4 /* Base */ = {isa = PBXFileReference; lastKnownFileType = file.storyboard; name = Base; path = Base.lproj/Main.storyboard; sourceTree = "<group>"; };
		61B16DD71998649D00350BC4 /* Images.xcassets */ = {isa = PBXFileReference; lastKnownFileType = folder.assetcatalog; path = Images.xcassets; sourceTree = "<group>"; };
		61B16DDD1998649D00350BC4 /* SubsTests.xctest */ = {isa = PBXFileReference; explicitFileType = wrapper.cfbundle; includeInIndex = 0; path = SubsTests.xctest; sourceTree = BUILT_PRODUCTS_DIR; };
		61B16DE21998649D00350BC4 /* Info.plist */ = {isa = PBXFileReference; lastKnownFileType = text.plist.xml; path = Info.plist; sourceTree = "<group>"; };
		61B16DE31998649D00350BC4 /* SubsTests.m */ = {isa = PBXFileReference; lastKnownFileType = sourcecode.c.objc; path = SubsTests.m; sourceTree = "<group>"; };
		61B16DED1998653400350BC4 /* MySubViewController.h */ = {isa = PBXFileReference; fileEncoding = 4; lastKnownFileType = sourcecode.c.h; path = MySubViewController.h; sourceTree = "<group>"; };
		61B16DEE1998653400350BC4 /* MySubViewController.m */ = {isa = PBXFileReference; fileEncoding = 4; lastKnownFileType = sourcecode.c.objc; path = MySubViewController.m; sourceTree = "<group>"; };
/* End PBXFileReference section */

/* Begin PBXFrameworksBuildPhase section */
		61B16DC41998649D00350BC4 /* Frameworks */ = {
			isa = PBXFrameworksBuildPhase;
			buildActionMask = 2147483647;
			files = (
			);
			runOnlyForDeploymentPostprocessing = 0;
		};
		61B16DDA1998649D00350BC4 /* Frameworks */ = {
			isa = PBXFrameworksBuildPhase;
			buildActionMask = 2147483647;
			files = (
			);
			runOnlyForDeploymentPostprocessing = 0;
		};
/* End PBXFrameworksBuildPhase section */

/* Begin PBXGroup section */
		61B16DBE1998649D00350BC4 = {
			isa = PBXGroup;
			children = (
				61B16DED1998653400350BC4 /* MySubViewController.h */,
				61B16DEE1998653400350BC4 /* MySubViewController.m */,
				61B16DC91998649D00350BC4 /* Subs */,
				61B16DE01998649D00350BC4 /* SubsTests */,
				61B16DC81998649D00350BC4 /* Products */,
			);
			sourceTree = "<group>";
		};
		61B16DC81998649D00350BC4 /* Products */ = {
			isa = PBXGroup;
			children = (
				61B16DC71998649D00350BC4 /* Subs.app */,
				61B16DDD1998649D00350BC4 /* SubsTests.xctest */,
			);
			name = Products;
			sourceTree = "<group>";
		};
		61B16DC91998649D00350BC4 /* Subs */ = {
			isa = PBXGroup;
			children = (
				61B16DCE1998649D00350BC4 /* AppDelegate.h */,
				61B16DCF1998649D00350BC4 /* AppDelegate.m */,
				61B16DD11998649D00350BC4 /* ViewController.h */,
				61B16DD21998649D00350BC4 /* ViewController.m */,
				61B16DD41998649D00350BC4 /* Main.storyboard */,
				61B16DD71998649D00350BC4 /* Images.xcassets */,
				61B16DCA1998649D00350BC4 /* Supporting Files */,
			);
			path = Subs;
			sourceTree = "<group>";
		};
		61B16DCA1998649D00350BC4 /* Supporting Files */ = {
			isa = PBXGroup;
			children = (
				61B16DCB1998649D00350BC4 /* Info.plist */,
				61B16DCC1998649D00350BC4 /* main.m */,
			);
			name = "Supporting Files";
			sourceTree = "<group>";
		};
		61B16DE01998649D00350BC4 /* SubsTests */ = {
			isa = PBXGroup;
			children = (
				61B16DE31998649D00350BC4 /* SubsTests.m */,
				61B16DE11998649D00350BC4 /* Supporting Files */,
			);
			path = SubsTests;
			sourceTree = "<group>";
		};
		61B16DE11998649D00350BC4 /* Supporting Files */ = {
			isa = PBXGroup;
			children = (
				61B16DE21998649D00350BC4 /* Info.plist */,
			);
			name = "Supporting Files";
			sourceTree = "<group>";
		};
/* End PBXGroup section */

/* Begin PBXNativeTarget section */
		61B16DC61998649D00350BC4 /* Subs */ = {
			isa = PBXNativeTarget;
			buildConfigurationList = 61B16DE71998649D00350BC4 /* Build configuration list for PBXNativeTarget "Subs" */;
			buildPhases = (
				61B16DC31998649D00350BC4 /* Sources */,
				61B16DC41998649D00350BC4 /* Frameworks */,
				61B16DC51998649D00350BC4 /* Resources */,
			);
			buildRules = (
			);
			dependencies = (
			);
			name = Subs;
			productName = Subs;
			productReference = 61B16DC71998649D00350BC4 /* Subs.app */;
			productType = "com.apple.product-type.application";
		};
		61B16DDC1998649D00350BC4 /* SubsTests */ = {
			isa = PBXNativeTarget;
			buildConfigurationList = 61B16DEA1998649D00350BC4 /* Build configuration list for PBXNativeTarget "SubsTests" */;
			buildPhases = (
				61B16DD91998649D00350BC4 /* Sources */,
				61B16DDA1998649D00350BC4 /* Frameworks */,
				61B16DDB1998649D00350BC4 /* Resources */,
			);
			buildRules = (
			);
			dependencies = (
				61B16DDF1998649D00350BC4 /* PBXTargetDependency */,
			);
			name = SubsTests;
			productName = SubsTests;
			productReference = 61B16DDD1998649D00350BC4 /* SubsTests.xctest */;
			productType = "com.apple.product-type.bundle.unit-test";
		};
/* End PBXNativeTarget section */

/* Begin PBXProject section */
		61B16DBF1998649D00350BC4 /* Project object */ = {
			isa = PBXProject;
			attributes = {
				LastUpgradeCheck = 0600;
				ORGANIZATIONNAME = boohoobahhumbug;
				TargetAttributes = {
					61B16DC61998649D00350BC4 = {
						CreatedOnToolsVersion = 6.0;
					};
					61B16DDC1998649D00350BC4 = {
						CreatedOnToolsVersion = 6.0;
						TestTargetID = 61B16DC61998649D00350BC4;
					};
				};
			};
			buildConfigurationList = 61B16DC21998649D00350BC4 /* Build configuration list for PBXProject "Subs" */;
			compatibilityVersion = "Xcode 3.2";
			developmentRegion = English;
			hasScannedForEncodings = 0;
			knownRegions = (
				en,
				Base,
			);
			mainGroup = 61B16DBE1998649D00350BC4;
			productRefGroup = 61B16DC81998649D00350BC4 /* Products */;
			projectDirPath = "";
			projectRoot = "";
			targets = (
				61B16DC61998649D00350BC4 /* Subs */,
				61B16DDC1998649D00350BC4 /* SubsTests */,
			);
		};
/* End PBXProject section */

/* Begin PBXResourcesBuildPhase section */
		61B16DC51998649D00350BC4 /* Resources */ = {
			isa = PBXResourcesBuildPhase;
			buildActionMask = 2147483647;
			files = (
				61B16DD61998649D00350BC4 /* Main.storyboard in Resources */,
				61B16DD81998649D00350BC4 /* Images.xcassets in Resources */,
			);
			runOnlyForDeploymentPostprocessing = 0;
		};
		61B16DDB1998649D00350BC4 /* Resources */ = {
			isa = PBXResourcesBuildPhase;
			buildActionMask = 2147483647;
			files = (
			);
			runOnlyForDeploymentPostprocessing = 0;
		};
/* End PBXResourcesBuildPhase section */

/* Begin PBXSourcesBuildPhase section */
		61B16DC31998649D00350BC4 /* Sources */ = {
			isa = PBXSourcesBuildPhase;
			buildActionMask = 2147483647;
			files = (
				61B16DD31998649D00350BC4 /* ViewController.m in Sources */,
				61B16DD01998649D00350BC4 /* AppDelegate.m in Sources */,
				61B16DCD1998649D00350BC4 /* main.m in Sources */,
				61B16DEF1998653400350BC4 /* MySubViewController.m in Sources */,
			);
			runOnlyForDeploymentPostprocessing = 0;
		};
		61B16DD91998649D00350BC4 /* Sources */ = {
			isa = PBXSourcesBuildPhase;
			buildActionMask = 2147483647;
			files = (
				61B16DE41998649D00350BC4 /* SubsTests.m in Sources */,
			);
			runOnlyForDeploymentPostprocessing = 0;
		};
/* End PBXSourcesBuildPhase section */

/* Begin PBXTargetDependency section */
		61B16DDF1998649D00350BC4 /* PBXTargetDependency */ = {
			isa = PBXTargetDependency;
			target = 61B16DC61998649D00350BC4 /* Subs */;
			targetProxy = 61B16DDE1998649D00350BC4 /* PBXContainerItemProxy */;
		};
/* End PBXTargetDependency section */

/* Begin PBXVariantGroup section */
		61B16DD41998649D00350BC4 /* Main.storyboard */ = {
			isa = PBXVariantGroup;
			children = (
				61B16DD51998649D00350BC4 /* Base */,
			);
			name = Main.storyboard;
			sourceTree = "<group>";
		};
/* End PBXVariantGroup section */

/* Begin XCBuildConfiguration section */
		61B16DE51998649D00350BC4 /* Debug */ = {
			isa = XCBuildConfiguration;
			buildSettings = {
				ALWAYS_SEARCH_USER_PATHS = NO;
				CLANG_CXX_LANGUAGE_STANDARD = "gnu++0x";
				CLANG_CXX_LIBRARY = "libc++";
				CLANG_ENABLE_MODULES = YES;
				CLANG_ENABLE_OBJC_ARC = YES;
				CLANG_WARN_BOOL_CONVERSION = YES;
				CLANG_WARN_CONSTANT_CONVERSION = YES;
				CLANG_WARN_DIRECT_OBJC_ISA_USAGE = YES_ERROR;
				CLANG_WARN_EMPTY_BODY = YES;
				CLANG_WARN_ENUM_CONVERSION = YES;
				CLANG_WARN_INT_CONVERSION = YES;
				CLANG_WARN_OBJC_ROOT_CLASS = YES_ERROR;
				CLANG_WARN_UNREACHABLE_CODE = YES;
				CLANG_WARN__DUPLICATE_METHOD_MATCH = YES;
				"CODE_SIGN_IDENTITY[sdk=iphoneos*]" = "iPhone Developer";
				COPY_PHASE_STRIP = NO;
				ENABLE_STRICT_OBJC_MSGSEND = YES;
				GCC_C_LANGUAGE_STANDARD = gnu99;
				GCC_DYNAMIC_NO_PIC = NO;
				GCC_OPTIMIZATION_LEVEL = 0;
				GCC_PREPROCESSOR_DEFINITIONS = (
					"DEBUG=1",
					"$(inherited)",
				);
				GCC_SYMBOLS_PRIVATE_EXTERN = NO;
				GCC_WARN_64_TO_32_BIT_CONVERSION = YES;
				GCC_WARN_ABOUT_RETURN_TYPE = YES_ERROR;
				GCC_WARN_UNDECLARED_SELECTOR = YES;
				GCC_WARN_UNINITIALIZED_AUTOS = YES_AGGRESSIVE;
				GCC_WARN_UNUSED_FUNCTION = YES;
				GCC_WARN_UNUSED_VARIABLE = YES;
				IPHONEOS_DEPLOYMENT_TARGET = 8.0;
				METAL_ENABLE_DEBUG_INFO = YES;
				ONLY_ACTIVE_ARCH = YES;
				SDKROOT = iphoneos;
				TARGETED_DEVICE_FAMILY = 2;
			};
			name = Debug;
		};
		61B16DE61998649D00350BC4 /* Release */ = {
			isa = XCBuildConfiguration;
			buildSettings = {
				ALWAYS_SEARCH_USER_PATHS = NO;
				CLANG_CXX_LANGUAGE_STANDARD = "gnu++0x";
				CLANG_CXX_LIBRARY = "libc++";
				CLANG_ENABLE_MODULES = YES;
				CLANG_ENABLE_OBJC_ARC = YES;
				CLANG_WARN_BOOL_CONVERSION = YES;
				CLANG_WARN_CONSTANT_CONVERSION = YES;
				CLANG_WARN_DIRECT_OBJC_ISA_USAGE = YES_ERROR;
				CLANG_WARN_EMPTY_BODY = YES;
				CLANG_WARN_ENUM_CONVERSION = YES;
				CLANG_WARN_INT_CONVERSION = YES;
				CLANG_WARN_OBJC_ROOT_CLASS = YES_ERROR;
				CLANG_WARN_UNREACHABLE_CODE = YES;
				CLANG_WARN__DUPLICATE_METHOD_MATCH = YES;
				"CODE_SIGN_IDENTITY[sdk=iphoneos*]" = "iPhone Developer";
				COPY_PHASE_STRIP = YES;
				ENABLE_NS_ASSERTIONS = NO;
				ENABLE_STRICT_OBJC_MSGSEND = YES;
				GCC_C_LANGUAGE_STANDARD = gnu99;
				GCC_WARN_64_TO_32_BIT_CONVERSION = YES;
				GCC_WARN_ABOUT_RETURN_TYPE = YES_ERROR;
				GCC_WARN_UNDECLARED_SELECTOR = YES;
				GCC_WARN_UNINITIALIZED_AUTOS = YES_AGGRESSIVE;
				GCC_WARN_UNUSED_FUNCTION = YES;
				GCC_WARN_UNUSED_VARIABLE = YES;
				IPHONEOS_DEPLOYMENT_TARGET = 8.0;
				METAL_ENABLE_DEBUG_INFO = NO;
				SDKROOT = iphoneos;
				TARGETED_DEVICE_FAMILY = 2;
				VALIDATE_PRODUCT = YES;
			};
			name = Release;
		};
		61B16DE81998649D00350BC4 /* Debug */ = {
			isa = XCBuildConfiguration;
			buildSettings = {
				ASSETCATALOG_COMPILER_APPICON_NAME = AppIcon;
				ASSETCATALOG_COMPILER_LAUNCHIMAGE_NAME = LaunchImage;
				INFOPLIST_FILE = Subs/Info.plist;
				LD_RUNPATH_SEARCH_PATHS = "$(inherited) @executable_path/Frameworks";
				PRODUCT_NAME = "$(TARGET_NAME)";
			};
			name = Debug;
		};
		61B16DE91998649D00350BC4 /* Release */ = {
			isa = XCBuildConfiguration;
			buildSettings = {
				ASSETCATALOG_COMPILER_APPICON_NAME = AppIcon;
				ASSETCATALOG_COMPILER_LAUNCHIMAGE_NAME = LaunchImage;
				INFOPLIST_FILE = Subs/Info.plist;
				LD_RUNPATH_SEARCH_PATHS = "$(inherited) @executable_path/Frameworks";
				PRODUCT_NAME = "$(TARGET_NAME)";
			};
			name = Release;
		};
		61B16DEB1998649D00350BC4 /* Debug */ = {
			isa = XCBuildConfiguration;
			buildSettings = {
				BUNDLE_LOADER = "$(BUILT_PRODUCTS_DIR)/Subs.app/Subs";
				FRAMEWORK_SEARCH_PATHS = (
					"$(SDKROOT)/Developer/Library/Frameworks",
					"$(inherited)",
				);
				GCC_PREPROCESSOR_DEFINITIONS = (
					"DEBUG=1",
					"$(inherited)",
				);
				INFOPLIST_FILE = SubsTests/Info.plist;
				LD_RUNPATH_SEARCH_PATHS = "$(inherited) @executable_path/Frameworks @loader_path/Frameworks";
				METAL_ENABLE_DEBUG_INFO = YES;
				PRODUCT_NAME = "$(TARGET_NAME)";
				TEST_HOST = "$(BUNDLE_LOADER)";
			};
			name = Debug;
		};
		61B16DEC1998649D00350BC4 /* Release */ = {
			isa = XCBuildConfiguration;
			buildSettings = {
				BUNDLE_LOADER = "$(BUILT_PRODUCTS_DIR)/Subs.app/Subs";
				FRAMEWORK_SEARCH_PATHS = (
					"$(SDKROOT)/Developer/Library/Frameworks",
					"$(inherited)",
				);
				INFOPLIST_FILE = SubsTests/Info.plist;
				LD_RUNPATH_SEARCH_PATHS = "$(inherited) @executable_path/Frameworks @loader_path/Frameworks";
				METAL_ENABLE_DEBUG_INFO = NO;
				PRODUCT_NAME = "$(TARGET_NAME)";
				TEST_HOST = "$(BUNDLE_LOADER)";
			};
			name = Release;
		};
/* End XCBuildConfiguration section */

/* Begin XCConfigurationList section */
		61B16DC21998649D00350BC4 /* Build configuration list for PBXProject "Subs" */ = {
			isa = XCConfigurationList;
			buildConfigurations = (
				61B16DE51998649D00350BC4 /* Debug */,
				61B16DE61998649D00350BC4 /* Release */,
			);
			defaultConfigurationIsVisible = 0;
			defaultConfigurationName = Release;
		};
		61B16DE71998649D00350BC4 /* Build configuration list for PBXNativeTarget "Subs" */ = {
			isa = XCConfigurationList;
			buildConfigurations = (
				61B16DE81998649D00350BC4 /* Debug */,
				61B16DE91998649D00350BC4 /* Release */,
			);
			defaultConfigurationIsVisible = 0;
		};
		61B16DEA1998649D00350BC4 /* Build configuration list for PBXNativeTarget "SubsTests" */ = {
			isa = XCConfigurationList;
			buildConfigurations = (
				61B16DEB1998649D00350BC4 /* Debug */,
				61B16DEC1998649D00350BC4 /* Release */,
			);
			defaultConfigurationIsVisible = 0;
		};
/* End XCConfigurationList section */
	};
	rootObject = 61B16DBF1998649D00350BC4 /* Project object */;
}
